
Microsoft Visual Studio Solution File, Format Version 12.00
# Visual Studio 14
VisualStudioVersion = 14.0.25123.0
MinimumVisualStudioVersion = 10.0.40219.1
Project("{9092AA53-FB77-4645-B42D-1CCCA6BD08BD}") = "SuiteScript 2.0", "SuiteScript 2.0\SuiteScript 2.0.njsproj", "{8A838C4D-2D3E-41EC-941F-1AA94DB599D8}"
EndProject
Global
	GlobalSection(SolutionConfigurationPlatforms) = preSolution
		Debug|Any CPU = Debug|Any CPU
		Release|Any CPU = Release|Any CPU
	EndGlobalSection
	GlobalSection(ProjectConfigurationPlatforms) = postSolution
		{8A838C4D-2D3E-41EC-941F-1AA94DB599D8}.Debug|Any CPU.ActiveCfg = Debug|Any CPU
		{8A838C4D-2D3E-41EC-941F-1AA94DB599D8}.Debug|Any CPU.Build.0 = Debug|Any CPU
		{8A838C4D-2D3E-41EC-941F-1AA94DB599D8}.Release|Any CPU.ActiveCfg = Release|Any CPU
		{8A838C4D-2D3E-41EC-941F-1AA94DB599D8}.Release|Any CPU.Build.0 = Release|Any CPU
	EndGlobalSection
	GlobalSection(SolutionProperties) = preSolution
		HideSolutionNode = FALSE
	EndGlobalSection
	GlobalSection(TeamFoundationVersionControl) = preSolution
		SccNumberOfProjects = 2
		SccEnterpriseProvider = {4CA58AB2-18FA-4F8D-95D4-32DDF27D184C}
		SccTeamFoundationServer = http://vmptfsp04:8080/tfs/defaultcollection
		SccProjectUniqueName0 = CARMA\\SuiteScript\u00202.0.njsproj
		SccProjectName0 = CARMA
		SccLocalPath0 = CARMA
		SccLocalPath1 = .
	EndGlobalSection
EndGlobal
